
Microsoft Visual Studio Solution File, Format Version 12.00
# Visual Studio Version 17
VisualStudioVersion = 17.8.34316.72
MinimumVisualStudioVersion = 10.0.40219.1
Project("{9A19103F-16F7-4668-BE54-9A1E7A4F7556}") = "SampleProject.2021", "SampleProject\SampleProject.2021.csproj", "{C127861E-AE7F-4005-9116-B1B23389A1BE}"
EndProject
Project("{9A19103F-16F7-4668-BE54-9A1E7A4F7556}") = "SampleProject.2022", "SampleProject\SampleProject.2022.csproj", "{66A3099E-00A2-407B-8770-DE97AC9CF3ED}"
EndProject
Project("{9A19103F-16F7-4668-BE54-9A1E7A4F7556}") = "SampleProject.2023", "SampleProject\SampleProject.2023.csproj", "{5E099C00-3B99-420B-81A3-112CAF54C990}"
EndProject
Project("{9A19103F-16F7-4668-BE54-9A1E7A4F7556}") = "SampleProject.2024", "SampleProject\SampleProject.2024.csproj", "{8A1DEFED-35DF-4190-853B-3ECACD67BCC2}"
EndProject
Project("{9A19103F-16F7-4668-BE54-9A1E7A4F7556}") = "SampleProject.2025", "SampleProject\SampleProject.2025.csproj", "{F00169F2-6CA0-464B-8D81-B9D02E965F90}"
EndProject
Global
	GlobalSection(SolutionConfigurationPlatforms) = preSolution
		Debug|Any CPU = Debug|Any CPU
		Release|Any CPU = Release|Any CPU
	EndGlobalSection
	GlobalSection(ProjectConfigurationPlatforms) = postSolution
		{C127861E-AE7F-4005-9116-B1B23389A1BE}.Debug|Any CPU.ActiveCfg = Debug|Any CPU
		{C127861E-AE7F-4005-9116-B1B23389A1BE}.Debug|Any CPU.Build.0 = Debug|Any CPU
		{C127861E-AE7F-4005-9116-B1B23389A1BE}.Release|Any CPU.ActiveCfg = Release|Any CPU
		{C127861E-AE7F-4005-9116-B1B23389A1BE}.Release|Any CPU.Build.0 = Release|Any CPU
		{66A3099E-00A2-407B-8770-DE97AC9CF3ED}.Debug|Any CPU.ActiveCfg = Debug|Any CPU
		{66A3099E-00A2-407B-8770-DE97AC9CF3ED}.Debug|Any CPU.Build.0 = Debug|Any CPU
		{66A3099E-00A2-407B-8770-DE97AC9CF3ED}.Release|Any CPU.ActiveCfg = Release|Any CPU
		{66A3099E-00A2-407B-8770-DE97AC9CF3ED}.Release|Any CPU.Build.0 = Release|Any CPU
		{5E099C00-3B99-420B-81A3-112CAF54C990}.Debug|Any CPU.ActiveCfg = Debug|Any CPU
		{5E099C00-3B99-420B-81A3-112CAF54C990}.Debug|Any CPU.Build.0 = Debug|Any CPU
		{5E099C00-3B99-420B-81A3-112CAF54C990}.Release|Any CPU.ActiveCfg = Release|Any CPU
		{5E099C00-3B99-420B-81A3-112CAF54C990}.Release|Any CPU.Build.0 = Release|Any CPU
		{8A1DEFED-35DF-4190-853B-3ECACD67BCC2}.Debug|Any CPU.ActiveCfg = Debug|Any CPU
		{8A1DEFED-35DF-4190-853B-3ECACD67BCC2}.Debug|Any CPU.Build.0 = Debug|Any CPU
		{8A1DEFED-35DF-4190-853B-3ECACD67BCC2}.Release|Any CPU.ActiveCfg = Release|Any CPU
		{8A1DEFED-35DF-4190-853B-3ECACD67BCC2}.Release|Any CPU.Build.0 = Release|Any CPU
		{F00169F2-6CA0-464B-8D81-B9D02E965F90}.Debug|Any CPU.ActiveCfg = Debug|Any CPU
		{F00169F2-6CA0-464B-8D81-B9D02E965F90}.Debug|Any CPU.Build.0 = Debug|Any CPU
		{F00169F2-6CA0-464B-8D81-B9D02E965F90}.Release|Any CPU.ActiveCfg = Release|Any CPU
		{F00169F2-6CA0-464B-8D81-B9D02E965F90}.Release|Any CPU.Build.0 = Release|Any CPU
	EndGlobalSection
	GlobalSection(SolutionProperties) = preSolution
		HideSolutionNode = FALSE
	EndGlobalSection
	GlobalSection(ExtensibilityGlobals) = postSolution
		SolutionGuid = {BED46F04-340B-48FA-8A62-F13DACBB1F17}
	EndGlobalSection
EndGlobal
